<?xml version="1.0" encoding="utf-8"?>
<Project ToolsVersion="4.0" xmlns="http://schemas.microsoft.com/developer/msbuild/2003">
  <ItemGroup>
    <Filter Include="Source Files">
      <UniqueIdentifier>{4FC737F1-C7A5-4376-A066-2A32D752A2FF}</UniqueIdentifier>
      <Extensions>cpp;c;cc;cxx;def;odl;idl;hpj;bat;asm;asmx</Extensions>
    </Filter>
    <Filter Include="Header Files">
      <UniqueIdentifier>{93995380-89BD-4b04-88EB-625FBE52EBFB}</UniqueIdentifier>
      <Extensions>h;hh;hpp;hxx;hm;inl;inc;xsd</Extensions>
    </Filter>
    <Filter Include="Resource Files">
      <UniqueIdentifier>{67DA6AB6-F800-4c08-8B7A-83BB121AAD01}</UniqueIdentifier>
      <Extensions>rc;ico;cur;bmp;dlg;rc2;rct;bin;rgs;gif;jpg;jpeg;jpe;resx;tiff;tif;png;wav;mfcribbon-ms</Extensions>
    </Filter>
  </ItemGroup>
  <ItemGroup>
    <ClCompile Include="core\main.cpp">
      <Filter>Source Files</Filter>
    </ClCompile>
    <ClCompile Include="core\hooks.cpp">
      <Filter>Source Files</Filter>
    </ClCompile>
    <ClCompile Include="sdk\options.cpp">
      <Filter>Source Files</Filter>
    </ClCompile>
    <ClCompile Include="menu\menu.cpp">
      <Filter>Source Files</Filter>
    </ClCompile>
  </ItemGroup>
  <ItemGroup>
    <ClInclude Include="utils\input.hpp">
      <Filter>Header Files</Filter>
    </ClInclude>
    <ClInclude Include="utils\singleton.hpp">
      <Filter>Header Files</Filter>
    </ClInclude>
    <ClInclude Include="utils\utilities.hpp">
      <Filter>Header Files</Filter>
    </ClInclude>
    <ClInclude Include="utils\vmt.hpp">
      <Filter>Header Files</Filter>
    </ClInclude>
    <ClInclude Include="utils\interfaces.hpp">
      <Filter>Header Files</Filter>
    </ClInclude>
    <ClInclude Include="core\hooks.hpp">
      <Filter>Header Files</Filter>
    </ClInclude>
    <ClInclude Include="sdk\sdk.hpp">
      <Filter>Header Files</Filter>
    </ClInclude>
    <ClInclude Include="core\hooks\createmove.hpp">
      <Filter>Header Files</Filter>
    </ClInclude>
    <ClInclude Include="core\hooks\framestagenotify.hpp">
      <Filter>Header Files</Filter>
    </ClInclude>
    <ClInclude Include="core\hooks\painttraverse.hpp">
      <Filter>Header Files</Filter>
    </ClInclude>
    <ClInclude Include="sdk\options.hpp">
      <Filter>Header Files</Filter>
    </ClInclude>
    <ClInclude Include="sdk\interfaces\ibaseclientdll.hpp">
      <Filter>Header Files</Filter>
    </ClInclude>
    <ClInclude Include="sdk\interfaces\isurface.hpp">
      <Filter>Header Files</Filter>
    </ClInclude>
    <ClInclude Include="sdk\interfaces\ipanel.hpp">
      <Filter>Header Files</Filter>
    </ClInclude>
    <ClInclude Include="sdk\interfaces\icliententitylist.hpp">
      <Filter>Header Files</Filter>
    </ClInclude>
    <ClInclude Include="sdk\classes\entities.hpp">
      <Filter>Header Files</Filter>
    </ClInclude>
    <ClInclude Include="sdk\classes\recvprops.hpp">
      <Filter>Header Files</Filter>
    </ClInclude>
    <ClInclude Include="utils\netvars.hpp">
      <Filter>Header Files</Filter>
    </ClInclude>
    <ClInclude Include="sdk\classes\clientclass.hpp">
      <Filter>Header Files</Filter>
    </ClInclude>
    <ClInclude Include="sdk\classes\cusercmd.hpp">
      <Filter>Header Files</Filter>
    </ClInclude>
    <ClInclude Include="utils\fnv.hpp">
      <Filter>Header Files</Filter>
    </ClInclude>
    <ClInclude Include="utils\vector.hpp">
      <Filter>Header Files</Filter>
    </ClInclude>
    <ClInclude Include="sdk\classes\studio.hpp">
      <Filter>Header Files</Filter>
    </ClInclude>
    <ClInclude Include="sdk\classes\trace.hpp">
      <Filter>Header Files</Filter>
    </ClInclude>
    <ClInclude Include="sdk\interfaces\ienginetrace.hpp">
      <Filter>Header Files</Filter>
    </ClInclude>
    <ClInclude Include="sdk\interfaces\iconsole.hpp">
      <Filter>Header Files</Filter>
    </ClInclude>
    <ClInclude Include="sdk\classes\convar.hpp">
      <Filter>Header Files</Filter>
    </ClInclude>
    <ClInclude Include="sdk\interfaces\ivengineclient.hpp">
      <Filter>Header Files</Filter>
    </ClInclude>
    <ClInclude Include="sdk\interfaces\iclientmode.hpp">
      <Filter>Header Files</Filter>
    </ClInclude>
    <ClInclude Include="menu\menu.hpp">
      <Filter>Header Files</Filter>
    </ClInclude>
    <ClInclude Include="menu\checkbox.hpp">
      <Filter>Header Files</Filter>
    </ClInclude>
    <ClInclude Include="menu\base_control.hpp">
      <Filter>Header Files</Filter>
    </ClInclude>
    <ClInclude Include="hacks\esp.hpp">
      <Filter>Header Files</Filter>
    </ClInclude>
    <ClInclude Include="sdk\interfaces\ivdebugoverlay.hpp">
      <Filter>Header Files</Filter>
    </ClInclude>
    <ClInclude Include="sdk\interfaces\cglobalvarsbase.hpp">
      <Filter>Header Files</Filter>
    </ClInclude>
    <ClInclude Include="sdk\interfaces\ivmodelinfo.hpp">
      <Filter>Header Files</Filter>
    </ClInclude>
    <ClInclude Include="core\hooks\sceneend.hpp">
      <Filter>Header Files</Filter>
    </ClInclude>
    <ClInclude Include="sdk\interfaces\ivrenderview.hpp">
      <Filter>Header Files</Filter>
    </ClInclude>
    <ClInclude Include="sdk\interfaces\imaterialsystem.hpp">
      <Filter>Header Files</Filter>
    </ClInclude>
    <ClInclude Include="sdk\classes\material.hpp">
      <Filter>Header Files</Filter>
    </ClInclude>
    <ClInclude Include="sdk\interfaces\ivmodelrender.hpp">
      <Filter>Header Files</Filter>
    </ClInclude>
    <ClInclude Include="hacks\chams.hpp">
      <Filter>Header Files</Filter>
    </ClInclude>
    <ClInclude Include="menu\slider.hpp">
      <Filter>Header Files</Filter>
    </ClInclude>
    <ClInclude Include="menu\button.hpp">
      <Filter>Header Files</Filter>
    </ClInclude>
    <ClInclude Include="hacks\timewarp.hpp">
      <Filter>Header Files</Filter>
    </ClInclude>
    <ClInclude Include="menu\selectable.hpp">
      <Filter>Header Files</Filter>
    </ClInclude>
  </ItemGroup>
</Project>